
Microsoft Visual Studio Solution File, Format Version 12.00
# Visual Studio Version 17
VisualStudioVersion = 17.9.34728.123
MinimumVisualStudioVersion = 10.0.40219.1
Project("{8BC9CEB8-8B4A-11D0-8D11-00A0C91BC942}") = "tasks-of-the-first-semester", "tasks-of-the-first-semester.vcxproj", "{67B54A2D-5179-4B38-AE21-74A30EC50ECD}"
EndProject
Global
	GlobalSection(SolutionConfigurationPlatforms) = preSolution
		Debug|x64 = Debug|x64
		Debug|x86 = Debug|x86
		Release|x64 = Release|x64
		Release|x86 = Release|x86
	EndGlobalSection
	GlobalSection(ProjectConfigurationPlatforms) = postSolution
		{67B54A2D-5179-4B38-AE21-74A30EC50ECD}.Debug|x64.ActiveCfg = Debug|x64
		{67B54A2D-5179-4B38-AE21-74A30EC50ECD}.Debug|x64.Build.0 = Debug|x64
		{67B54A2D-5179-4B38-AE21-74A30EC50ECD}.Debug|x86.ActiveCfg = Debug|Win32
		{67B54A2D-5179-4B38-AE21-74A30EC50ECD}.Debug|x86.Build.0 = Debug|Win32
		{67B54A2D-5179-4B38-AE21-74A30EC50ECD}.Release|x64.ActiveCfg = Release|x64
		{67B54A2D-5179-4B38-AE21-74A30EC50ECD}.Release|x64.Build.0 = Release|x64
		{67B54A2D-5179-4B38-AE21-74A30EC50ECD}.Release|x86.ActiveCfg = Release|Win32
		{67B54A2D-5179-4B38-AE21-74A30EC50ECD}.Release|x86.Build.0 = Release|Win32
	EndGlobalSection
	GlobalSection(SolutionProperties) = preSolution
		HideSolutionNode = FALSE
	EndGlobalSection
	GlobalSection(ExtensibilityGlobals) = postSolution
		SolutionGuid = {6A4B3A5C-F33D-4C87-BAB2-F502F54E4B6F}
	EndGlobalSection
EndGlobal
